
Microsoft Visual Studio Solution File, Format Version 12.00
# Visual Studio Version 16
VisualStudioVersion = 16.0.30804.86
MinimumVisualStudioVersion = 10.0.40219.1
Project("{FAE04EC0-301F-11D3-BF4B-00C04F79EFBC}") = "coffe-crique", "coffe-crique.csproj", "{C2210E8F-CC9E-4077-BFA5-E2BA02D5E16C}"
EndProject
Global
	GlobalSection(SolutionConfigurationPlatforms) = preSolution
		Debug|Any CPU = Debug|Any CPU
		Release|Any CPU = Release|Any CPU
	EndGlobalSection
	GlobalSection(ProjectConfigurationPlatforms) = postSolution
		{C2210E8F-CC9E-4077-BFA5-E2BA02D5E16C}.Debug|Any CPU.ActiveCfg = Debug|Any CPU
		{C2210E8F-CC9E-4077-BFA5-E2BA02D5E16C}.Debug|Any CPU.Build.0 = Debug|Any CPU
		{C2210E8F-CC9E-4077-BFA5-E2BA02D5E16C}.Release|Any CPU.ActiveCfg = Release|Any CPU
		{C2210E8F-CC9E-4077-BFA5-E2BA02D5E16C}.Release|Any CPU.Build.0 = Release|Any CPU
	EndGlobalSection
	GlobalSection(SolutionProperties) = preSolution
		HideSolutionNode = FALSE
	EndGlobalSection
	GlobalSection(ExtensibilityGlobals) = postSolution
		SolutionGuid = {BB30E04B-406B-4A76-8E47-3896E2F8671F}
	EndGlobalSection
EndGlobal
